<?xml version="1.0" encoding="utf-8"?>
<Project ToolsVersion="4.0" xmlns="http://schemas.microsoft.com/developer/msbuild/2003">
  <ItemGroup>
    <Filter Include="소스 파일">
      <UniqueIdentifier>{4FC737F1-C7A5-4376-A066-2A32D752A2FF}</UniqueIdentifier>
      <Extensions>cpp;c;cc;cxx;c++;cppm;ixx;def;odl;idl;hpj;bat;asm;asmx</Extensions>
    </Filter>
    <Filter Include="헤더 파일">
      <UniqueIdentifier>{93995380-89BD-4b04-88EB-625FBE52EBFB}</UniqueIdentifier>
      <Extensions>h;hh;hpp;hxx;h++;hm;inl;inc;ipp;xsd</Extensions>
    </Filter>
    <Filter Include="리소스 파일">
      <UniqueIdentifier>{67DA6AB6-F800-4c08-8B7A-83BB121AAD01}</UniqueIdentifier>
      <Extensions>rc;ico;cur;bmp;dlg;rc2;rct;bin;rgs;gif;jpg;jpeg;jpe;resx;tiff;tif;png;wav;mfcribbon-ms</Extensions>
    </Filter>
    <Filter Include="common">
      <UniqueIdentifier>{d210711a-7c38-4ec2-9304-4427049f936c}</UniqueIdentifier>
    </Filter>
  </ItemGroup>
  <ItemGroup>
    <ClInclude Include="pch.h">
      <Filter>헤더 파일</Filter>
    </ClInclude>
    <ClInclude Include="AddItemRequest.h">
      <Filter>헤더 파일</Filter>
    </ClInclude>
    <ClInclude Include="AddItemResponse.h">
      <Filter>헤더 파일</Filter>
    </ClInclude>
    <ClInclude Include="AddStockRequest.h">
      <Filter>헤더 파일</Filter>
    </ClInclude>
    <ClInclude Include="AddStockResponse.h">
      <Filter>헤더 파일</Filter>
    </ClInclude>
    <ClInclude Include="GetItemTypesRequest.h">
      <Filter>헤더 파일</Filter>
    </ClInclude>
    <ClInclude Include="GetItemTypesResponse.h">
      <Filter>헤더 파일</Filter>
    </ClInclude>
    <ClInclude Include="GetMenusRequest.h">
      <Filter>헤더 파일</Filter>
    </ClInclude>
    <ClInclude Include="GetMenusResponse.h">
      <Filter>헤더 파일</Filter>
    </ClInclude>
    <ClInclude Include="PrintItemRequest.h">
      <Filter>헤더 파일</Filter>
    </ClInclude>
    <ClInclude Include="PrintItemResponse.h">
      <Filter>헤더 파일</Filter>
    </ClInclude>
    <ClInclude Include="ReduceStockRequest.h">
      <Filter>헤더 파일</Filter>
    </ClInclude>
    <ClInclude Include="ReduceStockResponse.h">
      <Filter>헤더 파일</Filter>
    </ClInclude>
    <ClInclude Include="RemoveItemRequest.h">
      <Filter>헤더 파일</Filter>
    </ClInclude>
    <ClInclude Include="RemoveItemResponse.h">
      <Filter>헤더 파일</Filter>
    </ClInclude>
    <ClInclude Include="RequestCommand.h">
      <Filter>common</Filter>
    </ClInclude>
    <ClInclude Include="BaseRequest.h">
      <Filter>common</Filter>
    </ClInclude>
    <ClInclude Include="BaseResponse.h">
      <Filter>common</Filter>
    </ClInclude>
    <ClInclude Include="RequestFactory.h">
      <Filter>common</Filter>
    </ClInclude>
    <ClInclude Include="common.h">
      <Filter>common</Filter>
    </ClInclude>
  </ItemGroup>
  <ItemGroup>
    <ClCompile Include="pch.cpp">
      <Filter>소스 파일</Filter>
    </ClCompile>
    <ClCompile Include="AddItemRequest.cpp">
      <Filter>소스 파일</Filter>
    </ClCompile>
    <ClCompile Include="AddStockRequest.cpp">
      <Filter>소스 파일</Filter>
    </ClCompile>
    <ClCompile Include="GetItemTypesResponse.cpp">
      <Filter>소스 파일</Filter>
    </ClCompile>
    <ClCompile Include="GetMenusResponse.cpp">
      <Filter>소스 파일</Filter>
    </ClCompile>
    <ClCompile Include="PrintItemResponse.cpp">
      <Filter>소스 파일</Filter>
    </ClCompile>
    <ClCompile Include="ReduceStockRequest.cpp">
      <Filter>소스 파일</Filter>
    </ClCompile>
    <ClCompile Include="RemoveItemRequest.cpp">
      <Filter>소스 파일</Filter>
    </ClCompile>
    <ClCompile Include="BaseRequest.cpp">
      <Filter>common</Filter>
    </ClCompile>
    <ClCompile Include="BaseResponse.cpp">
      <Filter>common</Filter>
    </ClCompile>
    <ClCompile Include="RequestFactory.cpp">
      <Filter>common</Filter>
    </ClCompile>
  </ItemGroup>
</Project>