<?xml version="1.0" encoding="utf-8"?>
<Project ToolsVersion="4.0" xmlns="http://schemas.microsoft.com/developer/msbuild/2003">
  <ItemGroup>
    <Filter Include="소스 파일">
      <UniqueIdentifier>{4FC737F1-C7A5-4376-A066-2A32D752A2FF}</UniqueIdentifier>
      <Extensions>cpp;c;cc;cxx;c++;cppm;ixx;def;odl;idl;hpj;bat;asm;asmx</Extensions>
    </Filter>
    <Filter Include="헤더 파일">
      <UniqueIdentifier>{93995380-89BD-4b04-88EB-625FBE52EBFB}</UniqueIdentifier>
      <Extensions>h;hh;hpp;hxx;h++;hm;inl;inc;ipp;xsd</Extensions>
    </Filter>
    <Filter Include="리소스 파일">
      <UniqueIdentifier>{67DA6AB6-F800-4c08-8B7A-83BB121AAD01}</UniqueIdentifier>
      <Extensions>rc;ico;cur;bmp;dlg;rc2;rct;bin;rgs;gif;jpg;jpeg;jpe;resx;tiff;tif;png;wav;mfcribbon-ms</Extensions>
    </Filter>
    <Filter Include="network">
      <UniqueIdentifier>{0f57eeb8-a10b-4e84-b118-4cf1ed97c546}</UniqueIdentifier>
    </Filter>
    <Filter Include="common">
      <UniqueIdentifier>{9109e08f-6eed-4905-a1ea-27388795c190}</UniqueIdentifier>
    </Filter>
    <Filter Include="model">
      <UniqueIdentifier>{9e1ad034-ecb0-4e8a-9058-df36f821199a}</UniqueIdentifier>
    </Filter>
    <Filter Include="manager">
      <UniqueIdentifier>{9c8fdf0e-abb5-4cb8-81bb-c851a2989273}</UniqueIdentifier>
    </Filter>
    <Filter Include="container">
      <UniqueIdentifier>{5cd2f6bd-9764-453b-be81-de148acd5392}</UniqueIdentifier>
    </Filter>
  </ItemGroup>
  <ItemGroup>
    <ClCompile Include="StockServer.cpp">
      <Filter>소스 파일</Filter>
    </ClCompile>
    <ClCompile Include="pch.cpp">
      <Filter>소스 파일</Filter>
    </ClCompile>
    <ClCompile Include="DataManager.cpp">
      <Filter>network</Filter>
    </ClCompile>
    <ClCompile Include="Item.cpp">
      <Filter>model</Filter>
    </ClCompile>
    <ClCompile Include="Stock.cpp">
      <Filter>model</Filter>
    </ClCompile>
    <ClCompile Include="ItemManager.cpp">
      <Filter>manager</Filter>
    </ClCompile>
    <ClCompile Include="StockManager.cpp">
      <Filter>manager</Filter>
    </ClCompile>
  </ItemGroup>
  <ItemGroup>
    <ClInclude Include="pch.h">
      <Filter>헤더 파일</Filter>
    </ClInclude>
    <ClInclude Include="DataManager.h">
      <Filter>network</Filter>
    </ClInclude>
    <ClInclude Include="Item.h">
      <Filter>model</Filter>
    </ClInclude>
    <ClInclude Include="Stock.h">
      <Filter>model</Filter>
    </ClInclude>
    <ClInclude Include="ItemType.h">
      <Filter>model</Filter>
    </ClInclude>
    <ClInclude Include="ItemTypeHelper.h">
      <Filter>manager</Filter>
    </ClInclude>
    <ClInclude Include="ItemManager.h">
      <Filter>manager</Filter>
    </ClInclude>
    <ClInclude Include="StockManager.h">
      <Filter>manager</Filter>
    </ClInclude>
  </ItemGroup>
</Project>